# This file is autogenerated, do not edit; changes may be undone by the next 'dep ensure'.


[[projects]]
  branch = "master"
  digest = "1:20f17e9bac51015bf0ffff4e1a7cfc89fe81288ac041abbe711afca603bb4ae2"
  name = "github.com/aristanetworks/goarista"
  packages = ["monotime"]
  pruneopts = ""
  revision = "3b71555a045fbdbe071f46e36275846930b6c35a"

[[projects]]
  branch = "master"
  digest = "1:0c5485088ce274fac2e931c1b979f2619345097b39d91af3239977114adf0320"
  name = "github.com/beorn7/perks"
  packages = ["quantile"]
  pruneopts = ""
  revision = "4c0e84591b9aa9e6dcfdf3e020114cd81f89d5f9"

[[projects]]
  digest = "1:79421244ba5848aae4b0a5c41e633a04e4894cb0b164a219dc8c15ec7facb7f1"
  name = "github.com/blang/semver"
  packages = ["."]
  pruneopts = ""
  revision = "2ee87856327ba09384cabd113bc6b5d174e9ec0f"
  version = "v3.5.1"

[[projects]]
  branch = "master"
  digest = "1:e7eccd07e3db4568357beef7deae22726c5424fc72c20991b576a45cc5966122"
  name = "github.com/btcsuite/btcd"
  packages = ["btcec"]
  pruneopts = ""
  revision = "8cea3866d0f7fb12d567a20744942c0d078c7d15"

[[projects]]
  digest = "1:1cf61f0228e64d1bfddaa42bfd1f5047ed3626925b9bea69bbcb9168472dae23"
  name = "github.com/cenkalti/backoff"
  packages = ["."]
  pruneopts = ""
  revision = "61153c768f31ee5f130071d08fc82b85208528de"
  version = "v1.1.0"

[[projects]]
  digest = "1:56c130d885a4aacae1dd9c7b71cfe39912c7ebc1ff7d2b46083c8812996dc43b"
  name = "github.com/davecgh/go-spew"
  packages = ["spew"]
  pruneopts = ""
  revision = "346938d642f2ec3594ed81d874461961cd0faa76"
  version = "v1.1.0"

[[projects]]
  digest = "1:3e93e899f8457138a891b3ccedcacf8fe9074865c848f7028e1892bdae280676"
  name = "github.com/dgrijalva/jwt-go"
  packages = ["."]
  pruneopts = ""
  revision = "dbeaa9332f19a944acb5736b4456cfcc02140e29"
  version = "v3.1.0"

[[projects]]
  branch = "master"
  digest = "1:ae162f9b5c46f6d5ff4bd53a3d78f72e2eb6676c11c5d33b8b106c36f87ddb31"
  name = "github.com/dustin/go-humanize"
  packages = ["."]
  pruneopts = ""
  revision = "bb3d318650d48840a39aa21a027c6630e198e626"

[[projects]]
  digest = "1:4551842b14127b1175c90fe1512d6263b9cc322616ea4c598a47ba24b46b9948"
  name = "github.com/ethereum/go-ethereum"
  packages = [
    ".",
    "accounts",
    "accounts/keystore",
    "common",
    "common/hexutil",
    "common/math",
    "common/mclock",
    "core/types",
    "crypto",
    "crypto/randentropy",
    "crypto/secp256k1",
    "crypto/sha3",
    "event",
    "log",
    "params",
    "rlp",
    "trie",
  ]
  pruneopts = ""
  revision = "4bb3c89d44e372e6a9ab85a8be0c9345265c763a"
  version = "v1.7.3"

[[projects]]
  digest = "1:9f1e571696860f2b4f8a241b43ce91c6085e7aaed849ccca53f590a4dc7b95bd"
  name = "github.com/fsnotify/fsnotify"
  packages = ["."]
  pruneopts = ""
  revision = "629574ca2a5df945712d3079857300b5e4da0236"
  version = "v1.4.2"

[[projects]]
  digest = "1:9ca737b471693542351e112c9e86be9bf7385e42256893a09ecb2a98e2036f74"
  name = "github.com/go-stack/stack"
  packages = ["."]
  pruneopts = ""
  revision = "259ab82a6cad3992b4e21ff5cac294ccb06474bc"
  version = "v1.7.0"

[[projects]]
  branch = "master"
  digest = "1:3b760d3b93f994df8eb1d9ebfad17d3e9e37edcb7f7efaa15b427c0d7a64f4e4"
  name = "github.com/golang/protobuf"
  packages = [
    "proto",
    "protoc-gen-go/descriptor",
    "ptypes",
    "ptypes/any",
    "ptypes/duration",
    "ptypes/timestamp",
  ]
  pruneopts = ""
  revision = "1e59b77b52bf8e4b449a57e6f79f21226d571845"

[[projects]]
  digest = "1:2ea48e33876994c9d655cb8bbce6a560e4712e2bf3e25f9c302ead42e3327ae4"
  name = "github.com/grpc-ecosystem/go-grpc-prometheus"
  packages = ["."]
  pruneopts = ""
  revision = "6b7015e65d366bf3f19b2b2a000a831940f0f7e0"
  version = "v1.1"

[[projects]]
  branch = "master"
  digest = "1:43987212a2f16bfacc1a286e9118f212d60c136ed53c6c9477c18921db53140b"
  name = "github.com/hashicorp/golang-lru"
  packages = [
    ".",
    "simplelru",
  ]
  pruneopts = ""
  revision = "0a025b7e63adc15a622f29b0b2c4c3848243bbf6"

[[projects]]
  branch = "master"
  digest = "1:147d671753effde6d3bcd58fc74c1d67d740196c84c280c762a5417319499972"
  name = "github.com/hashicorp/hcl"
  packages = [
    ".",
    "hcl/ast",
    "hcl/parser",
    "hcl/scanner",
    "hcl/strconv",
    "hcl/token",
    "json/parser",
    "json/scanner",
    "json/token",
  ]
  pruneopts = ""
  revision = "23c074d0eceb2b8a5bfdbb271ab780cde70f05a8"

[[projects]]
  digest = "1:1cc959d0387f989475d935484711c1d33f4ed659a4e9c7cd2d014a8cdd1e2e5b"
  name = "github.com/hashicorp/terraform"
  packages = ["helper/variables"]
  pruneopts = ""
  revision = "ec9d4f1d0f90e8ec5148f94b6d634eb542a4f0ce"
  version = "v0.11.0"

[[projects]]
  digest = "1:870d441fe217b8e689d7949fef6e43efbc787e50f200cb1e70dbca9204a1d6be"
  name = "github.com/inconshreveable/mousetrap"
  packages = ["."]
  pruneopts = ""
  revision = "76626ae9c91c4f2a10f34cad8ce83ea42c93bb75"
  version = "v1.0"

[[projects]]
  digest = "1:f88f109221727324e11f6440b0b30434a75a3bb88d6bd6432d77268e45d4054f"
  name = "github.com/klauspost/compress"
  packages = [
    "flate",
    "gzip",
  ]
  pruneopts = ""
  revision = "6c8db69c4b49dd4df1fff66996cf556176d0b9bf"
  version = "v1.2.1"

[[projects]]
  digest = "1:f0117357f14b0a625ddbbe25e23637291ac0276402fcfd25fc447422456364ce"
  name = "github.com/klauspost/cpuid"
  packages = ["."]
  pruneopts = ""
  revision = "ae7887de9fa5d2db4eaa8174a7eff2c1ac00f2da"
  version = "v1.1"

[[projects]]
  digest = "1:d6d5d5846b6a1438e8d08cf6b19dff7d5133e81b10fad3b1b13ebbee81bb0498"
  name = "github.com/klauspost/crc32"
  packages = ["."]
  pruneopts = ""
  revision = "cb6bfca970f6908083f26f39a79009d608efd5cd"
  version = "v1.1"

[[projects]]
  digest = "1:1ce378ab2352c756c6d7a0172c22ecbd387659d32712a4ce3bc474273309a5dc"
  name = "github.com/magiconair/properties"
  packages = [
    ".",
    "assert",
  ]
  pruneopts = ""
  revision = "be5ece7dd465ab0765a9682137865547526d1dfb"
  version = "v1.7.3"

[[projects]]
  digest = "1:4c23ced97a470b17d9ffd788310502a077b9c1f60221a85563e49696276b4147"
  name = "github.com/matttproud/golang_protobuf_extensions"
  packages = ["pbutil"]
  pruneopts = ""
  revision = "3247c84500bff8d9fb6d579d800f20b3e091582c"
  version = "v1.0.0"

[[projects]]
  branch = "master"
  digest = "1:59d11e81d6fdd12a771321696bb22abdd9a94d26ac864787e98c9b419e428734"
  name = "github.com/mitchellh/go-homedir"
  packages = ["."]
  pruneopts = ""
  revision = "b8bc1bf767474819792c23f32d8286a45736f1c6"

[[projects]]
  branch = "master"
  digest = "1:30a2adc78c422ebd23aac9cfece529954d5eacf9ddbe37345f2a17439f8fa849"
  name = "github.com/mitchellh/mapstructure"
  packages = ["."]
  pruneopts = ""
  revision = "06020f85339e21b2478f756a78e295255ffa4d6a"

[[projects]]
  digest = "1:63e142fc50307bcb3c57494913cfc9c12f6061160bdf97a678f78c71615f939b"
  name = "github.com/pborman/uuid"
  packages = ["."]
  pruneopts = ""
  revision = "e790cca94e6cc75c7064b1332e63811d4aae1a53"
  version = "v1.1"

[[projects]]
  digest = "1:9c740db1f7015dffa093aa5c70862d277fe49f5e92b56ca5d0d69ef0e37c01db"
  name = "github.com/pelletier/go-toml"
  packages = ["."]
  pruneopts = ""
  revision = "16398bac157da96aa88f98a2df640c7f32af1da2"
  version = "v1.0.1"

[[projects]]
  digest = "1:7365acd48986e205ccb8652cc746f09c8b7876030d53710ea6ef7d0bd0dcd7ca"
  name = "github.com/pkg/errors"
  packages = ["."]
  pruneopts = ""
  revision = "645ef00459ed84a119197bfb8d8205042c6df63d"
  version = "v0.8.0"

[[projects]]
  digest = "1:256484dbbcd271f9ecebc6795b2df8cad4c458dd0f5fd82a8c2fa0c29f233411"
  name = "github.com/pmezard/go-difflib"
  packages = ["difflib"]
  pruneopts = ""
  revision = "792786c7400a136282c1664665ae0a8db921c6c2"
  version = "v1.0.0"

[[projects]]
  digest = "1:4142d94383572e74b42352273652c62afec5b23f325222ed09198f46009022d1"
  name = "github.com/prometheus/client_golang"
  packages = [
    "prometheus",
    "prometheus/promhttp",
  ]
  pruneopts = ""
  revision = "c5b7fccd204277076155f10851dad72b76a49317"
  version = "v0.8.0"

[[projects]]
  branch = "master"
  digest = "1:60aca47f4eeeb972f1b9da7e7db51dee15ff6c59f7b401c1588b8e6771ba15ef"
  name = "github.com/prometheus/client_model"
  packages = ["go"]
  pruneopts = ""
  revision = "99fa1f4be8e564e8a6b613da7fa6f46c9edafc6c"

[[projects]]
  branch = "master"
  digest = "1:e3aa5178be4fc4ae8cdb37d11c02f7490c00450a9f419e6aa84d02d3b47e90d2"
  name = "github.com/prometheus/common"
  packages = [
    "expfmt",
    "internal/bitbucket.org/ww/goautoneg",
    "model",
  ]
  pruneopts = ""
  revision = "2e54d0b93cba2fd133edc32211dcc32c06ef72ca"

[[projects]]
  branch = "master"
  digest = "1:a6a85fc81f2a06ccac3d45005523afbeee45138d781d4f3cb7ad9889d5c65aab"
  name = "github.com/prometheus/procfs"
  packages = [
    ".",
    "xfs",
  ]
  pruneopts = ""
  revision = "a6e9df898b1336106c743392c48ee0b71f5c4efa"

[[projects]]
  branch = "master"
  digest = "1:5e3f4c2357e1e95ede9f36dc027b4b5a2cca463c8899344c22ebeb7c0abab8d5"
  name = "github.com/rcrowley/go-metrics"
  packages = ["."]
  pruneopts = ""
  revision = "1f30fe9094a513ce4c700b9a54458bbb0c96996c"

[[projects]]
  branch = "master"
  digest = "1:9d07810af13eed4c1ada252bb71cc53b43ab1cf95b9663523454641ff2763e39"
  name = "github.com/rjeczalik/notify"
  packages = ["."]
  pruneopts = ""
  revision = "767eb674ef14b09119b2fff3601e64558d530c47"

[[projects]]
  digest = "1:4b161661aa4b63db1d89c852dcd9e7ad8931bc154651a3f1c0dab8390a09d35a"
  name = "github.com/spaolacci/murmur3"
  packages = ["."]
  pruneopts = ""
  revision = "0d12bf811670bf6a1a63828dfbd003eded177fce"
  version = "v1.0"

[[projects]]
  digest = "1:d1c1e5f4064b332bd90bba7bc2ab403c0afd7b36d34b7875877a45c78d24f5c1"
  name = "github.com/spf13/afero"
  packages = [
    ".",
    "mem",
  ]
  pruneopts = ""
  revision = "8d919cbe7e2627e417f3e45c3c0e489a5b7e2536"
  version = "v1.0.0"

[[projects]]
  digest = "1:6ff9b74bfea2625f805edec59395dc37e4a06458dd3c14e3372337e3d35a2ed6"
  name = "github.com/spf13/cast"
  packages = ["."]
  pruneopts = ""
  revision = "acbeb36b902d72a7a4c18e8f3241075e7ab763e4"
  version = "v1.1.0"

[[projects]]
  digest = "1:2208a80fc3259291e43b30f42f844d18f4218036dff510f42c653ec9890d460a"
  name = "github.com/spf13/cobra"
  packages = ["."]
  pruneopts = ""
  revision = "7b2c5ac9fc04fc5efafb60700713d4fa609b777b"
  version = "v0.0.1"

[[projects]]
  branch = "master"
  digest = "1:5cb42b990db5dc48b8bc23b6ee77b260713ba3244ca495cd1ed89533dc482a49"
  name = "github.com/spf13/jwalterweatherman"
  packages = ["."]
  pruneopts = ""
  revision = "12bd96e66386c1960ab0f74ced1362f66f552f7b"

[[projects]]
  digest = "1:261bc565833ef4f02121450d74eb88d5ae4bd74bfe5d0e862cddb8550ec35000"
  name = "github.com/spf13/pflag"
  packages = ["."]
  pruneopts = ""
  revision = "e57e3eeb33f795204c1ca35f56c44f83227c6e66"
  version = "v1.0.0"

[[projects]]
  digest = "1:59354ad53dfe6ed1b941844cb029cd37c0377598eec3a0d49c03aee2375ef9c4"
  name = "github.com/spf13/viper"
  packages = ["."]
  pruneopts = ""
  revision = "25b30aa063fc18e48662b86996252eabdcf2f0c7"
  version = "v1.0.0"

[[projects]]
  digest = "1:3926a4ec9a4ff1a072458451aa2d9b98acd059a45b38f7335d31e06c3d6a0159"
  name = "github.com/stretchr/testify"
  packages = ["assert"]
  pruneopts = ""
  revision = "69483b4bd14f5845b5a1e55bca19e954e827f1d0"
  version = "v1.1.4"

[[projects]]
  digest = "1:f55e728feb12f92823efd0dc8db00daa1366e173f04c8ba05a01a48e391ca954"
  name = "github.com/tecbot/gorocksdb"
  packages = ["."]
  pruneopts = ""
  revision = "57a309fefefb9c03d6dcc11a0e5705fc4711b46d"

[[projects]]
  digest = "1:2f13914a0456b82c0725dcdb7419284bdb1116d7439954d755b3d2641e6d31f0"
  name = "github.com/willf/bitset"
  packages = ["."]
  pruneopts = ""
  revision = "d860f346b89450988a379d7d705e83c58d1ea227"
  version = "v1.1.3"

[[projects]]
  digest = "1:86973c2ad2f8c2eae7e8148f4c6af4e5e10134cd0c276bb852c748b1f448374d"
  name = "github.com/willf/bloom"
  packages = ["."]
  pruneopts = ""
  revision = "54e3b963ee1652b06c4562cb9b6020ebc6e36e59"
  version = "v2.0.3"

[[projects]]
  digest = "1:6e8d05f4da3ff913adf807cb34623811f764b4924369f65c3ab9db744e8fe6ad"
  name = "go.uber.org/atomic"
  packages = ["."]
  pruneopts = ""
  revision = "8474b86a5a6f79c443ce4b2992817ff32cf208b8"
  version = "v1.3.1"

[[projects]]
  digest = "1:22c7effcb4da0eacb2bb1940ee173fac010e9ef3c691f5de4b524d538bd980f5"
  name = "go.uber.org/multierr"
  packages = ["."]
  pruneopts = ""
  revision = "3c4937480c32f4c13a875a1829af76c98ca3d40a"
  version = "v1.1.0"

[[projects]]
  digest = "1:cfeddca8479edac1039a52dac1ff6e7a76252ebaecb86680383b0522423b7565"
  name = "go.uber.org/zap"
  packages = [
    ".",
    "buffer",
    "internal/bufferpool",
    "internal/color",
    "internal/exit",
    "zapcore",
  ]
  pruneopts = ""
  revision = "35aad584952c3e7020db7b839f6b102de6271f89"
  version = "v1.7.1"

[[projects]]
  branch = "master"
  digest = "1:b0323ed1d9dbcf6cb065734069c777d8ab37500d0df949fdbff179ad4a03b616"
  name = "golang.org/x/crypto"
  packages = [
    "hkdf",
    "pbkdf2",
    "scrypt",
    "ssh/terminal",
  ]
  pruneopts = ""
  revision = "b080dc9a8c480b08e698fb1219160d598526310f"

[[projects]]
  branch = "master"
  digest = "1:1285570ced192ee4703ca44573a4eaf19b5a0895af56f9db2210b171eefd2a41"
  name = "golang.org/x/net"
  packages = [
    "context",
    "http2",
    "http2/hpack",
    "idna",
    "internal/timeseries",
    "lex/httplex",
    "trace",
  ]
  pruneopts = ""
  revision = "c7086645de248775cbf2373cf5ca4d2fa664b8c1"

[[projects]]
  branch = "master"
  digest = "1:a8db4401c2e8e2e7c5d0de5ecdfa9bc97f3778a1eca2e3ca4dd50d3591c9a90e"
  name = "golang.org/x/sys"
  packages = [
    "unix",
    "windows",
  ]
  pruneopts = ""
  revision = "4ff8c001ce4cc464e644b922325097228fce14d8"

[[projects]]
  branch = "master"
  digest = "1:39a1a71adca4b837a25dc6b5fcdd9d175e4597c6d3440f107dfeda31230218e4"
  name = "golang.org/x/text"
  packages = [
    "collate",
    "collate/build",
    "internal/colltab",
    "internal/gen",
    "internal/tag",
    "internal/triegen",
    "internal/ucd",
    "language",
    "secure/bidirule",
    "transform",
    "unicode/bidi",
    "unicode/cldr",
    "unicode/norm",
    "unicode/rangetable",
  ]
  pruneopts = ""
  revision = "88f656faf3f37f690df1a32515b479415e1a6769"

[[projects]]
  branch = "master"
  digest = "1:6c15114fafeac4c833544476dec4207a3476799d50ab5165af79eb97806884cf"
  name = "google.golang.org/genproto"
  packages = ["googleapis/rpc/status"]
  pruneopts = ""
  revision = "7f0da29060c682909f650ad8ed4e515bd74fa12a"

[[projects]]
  digest = "1:c86864f5ec2c7655d641d04e027be7425673499247e4340702c1a5fd3ba89271"
  name = "google.golang.org/grpc"
  packages = [
    ".",
    "balancer",
    "balancer/roundrobin",
    "codes",
    "connectivity",
    "credentials",
    "encoding",
    "grpclb/grpc_lb_v1/messages",
    "grpclog",
    "health",
    "health/grpc_health_v1",
    "internal",
    "keepalive",
    "metadata",
    "naming",
    "peer",
    "reflection",
    "reflection/grpc_reflection_v1alpha",
    "resolver",
    "resolver/dns",
    "resolver/passthrough",
    "stats",
    "status",
    "tap",
    "transport",
  ]
  pruneopts = ""
  revision = "5a9f7b402fe85096d2e1d0383435ee1876e863d0"
  version = "v1.8.0"

[[projects]]
  digest = "1:812b8cd6b58e655c0399b001419f51442b6ca9d9cf9a9edf471a4a5ad497c767"
  name = "gopkg.in/fatih/set.v0"
  packages = ["."]
  pruneopts = ""
  revision = "57907de300222151a123d29255ed17f5ed43fad3"
  version = "v0.1.0"

[[projects]]
  branch = "v2"
  digest = "1:a585c075875ab9c344f7840a927f09f3285563f7318e761a1d61d642316f2217"
  name = "gopkg.in/karalabe/cookiejar.v2"
  packages = ["collections/prque"]
  pruneopts = ""
  revision = "8dcd6a7f4951f6ff3ee9cbb919a06d8925822e57"

[[projects]]
  branch = "v2"
  digest = "1:f769ed60e075e4221612c2f4162fccc9d3795ef358fa463425e3b3d7a5debb27"
  name = "gopkg.in/yaml.v2"
  packages = ["."]
  pruneopts = ""
  revision = "287cf08546ab5e7e37d55a84f7ed3fd1db036de5"

[solve-meta]
  analyzer-name = "dep"
  analyzer-version = 1
  input-imports = [
    "github.com/blang/semver",
    "github.com/cenkalti/backoff",
    "github.com/dgrijalva/jwt-go",
    "github.com/dustin/go-humanize",
    "github.com/ethereum/go-ethereum/accounts/keystore",
    "github.com/ethereum/go-ethereum/crypto",
    "github.com/ethereum/go-ethereum/crypto/secp256k1",
    "github.com/golang/protobuf/proto",
    "github.com/grpc-ecosystem/go-grpc-prometheus",
    "github.com/hashicorp/golang-lru",
    "github.com/hashicorp/terraform/helper/variables",
    "github.com/klauspost/compress/gzip",
    "github.com/magiconair/properties/assert",
    "github.com/pkg/errors",
    "github.com/prometheus/client_golang/prometheus",
    "github.com/prometheus/client_golang/prometheus/promhttp",
    "github.com/prometheus/client_model/go",
    "github.com/spf13/cobra",
    "github.com/spf13/viper",
    "github.com/stretchr/testify/assert",
    "github.com/tecbot/gorocksdb",
    "github.com/willf/bloom",
    "go.uber.org/zap",
    "go.uber.org/zap/zapcore",
    "golang.org/x/crypto/hkdf",
    "golang.org/x/crypto/ssh/terminal",
    "golang.org/x/net/context",
    "google.golang.org/grpc",
    "google.golang.org/grpc/codes",
    "google.golang.org/grpc/health",
    "google.golang.org/grpc/health/grpc_health_v1",
    "google.golang.org/grpc/metadata",
    "google.golang.org/grpc/reflection",
    "google.golang.org/grpc/status",
  ]
  solver-name = "gps-cdcl"
  solver-version = 1
